<?xml version="1.0" encoding="utf-8"?>
<Project ToolsVersion="4.0" xmlns="http://schemas.microsoft.com/developer/msbuild/2003">
  <ItemGroup>
    <ClCompile Include="Block.cpp" />
    <ClCompile Include="Cannon.cpp" />
    <ClCompile Include="Geode.cpp" />
    <ClCompile Include="Game.cpp" />
    <ClCompile Include="imageloader.cpp" />
    <ClCompile Include="Map.cpp" />
    <ClCompile Include="Matrix4.cpp" />
    <ClCompile Include="MatrixTransform.cpp" />
    <ClCompile Include="Explosion.cpp" />
    <ClCompile Include="Player.cpp" />
    <ClCompile Include="SGGroup.cpp" />
    <ClCompile Include="Sphere.cpp" />
    <ClCompile Include="TextureManager.cpp" />
    <ClCompile Include="Vector3.cpp" />
    <ClCompile Include="Vector4.cpp" />
    <ClCompile Include="bezier_curve.cpp" />
  </ItemGroup>
  <ItemGroup>
    <ClInclude Include="Block.h" />
    <ClInclude Include="Cannon.h" />
    <ClInclude Include="Geode.h" />
    <ClInclude Include="imageloader.h" />
    <ClInclude Include="IsoCamera.h" />
    <ClInclude Include="Map.h" />
    <ClInclude Include="Matrix4.h" />
    <ClInclude Include="MatrixTransform.h" />
    <ClInclude Include="Node.h" />
    <ClInclude Include="Explosion.h" />
    <ClInclude Include="Player.h" />
    <ClInclude Include="SGGroup.h" />
    <ClInclude Include="Sphere.h" />
    <ClInclude Include="TextureManager.h" />
    <ClInclude Include="TextureNumbers.h" />
    <ClInclude Include="Vector3.h" />
    <ClInclude Include="Vector4.h" />
    <ClInclude Include="window.h" />
    <ClInclude Include="bezier_curve.h" />
  </ItemGroup>
</Project>