
Microsoft Visual Studio Solution File, Format Version 11.00
# Visual Studio 2010
Project("{8BC9CEB8-8B4A-11D0-8D11-00A0C91BC942}") = "FutureOfRampart", "FutureOfRampart\FutureOfRampart.vcxproj", "{B8A3863A-99AA-440B-B6E4-8DE62AB7AD5C}"
EndProject
Global
	GlobalSection(SolutionConfigurationPlatforms) = preSolution
		Debug|Win32 = Debug|Win32
		Release|Win32 = Release|Win32
	EndGlobalSection
	GlobalSection(ProjectConfigurationPlatforms) = postSolution
		{B8A3863A-99AA-440B-B6E4-8DE62AB7AD5C}.Debug|Win32.ActiveCfg = Debug|Win32
		{B8A3863A-99AA-440B-B6E4-8DE62AB7AD5C}.Debug|Win32.Build.0 = Debug|Win32
		{B8A3863A-99AA-440B-B6E4-8DE62AB7AD5C}.Release|Win32.ActiveCfg = Release|Win32
		{B8A3863A-99AA-440B-B6E4-8DE62AB7AD5C}.Release|Win32.Build.0 = Release|Win32
	EndGlobalSection
	GlobalSection(SolutionProperties) = preSolution
		HideSolutionNode = FALSE
	EndGlobalSection
EndGlobal
